
Microsoft Visual Studio Solution File, Format Version 12.00
# Visual Studio Version 16
VisualStudioVersion = 16.0.31105.61
MinimumVisualStudioVersion = 10.0.40219.1
Project("{9A19103F-16F7-4668-BE54-9A1E7A4F7556}") = "The Project", "The Project\The Project.csproj", "{7A3F5946-980B-4A2B-B6FB-D3365C2389A7}"
EndProject
Project("{2150E333-8FDC-42A3-9474-1A3956D46DE8}") = "Solution Items", "Solution Items", "{AC33BBE6-91D4-43AA-A6BB-0BF1CBD0DC0A}"
	ProjectSection(SolutionItems) = preProject
		.editorconfig = .editorconfig
	EndProjectSection
EndProject
Global
	GlobalSection(SolutionConfigurationPlatforms) = preSolution
		Debug|Any CPU = Debug|Any CPU
		Release|Any CPU = Release|Any CPU
	EndGlobalSection
	GlobalSection(ProjectConfigurationPlatforms) = postSolution
		{7A3F5946-980B-4A2B-B6FB-D3365C2389A7}.Debug|Any CPU.ActiveCfg = Debug|Any CPU
		{7A3F5946-980B-4A2B-B6FB-D3365C2389A7}.Debug|Any CPU.Build.0 = Debug|Any CPU
		{7A3F5946-980B-4A2B-B6FB-D3365C2389A7}.Release|Any CPU.ActiveCfg = Release|Any CPU
		{7A3F5946-980B-4A2B-B6FB-D3365C2389A7}.Release|Any CPU.Build.0 = Release|Any CPU
	EndGlobalSection
	GlobalSection(SolutionProperties) = preSolution
		HideSolutionNode = FALSE
	EndGlobalSection
	GlobalSection(ExtensibilityGlobals) = postSolution
		SolutionGuid = {5A2E3C3C-9B12-44F6-BD43-46D9405E8663}
	EndGlobalSection
EndGlobal
